<?xml version="1.0" encoding="utf-8"?>
<Project ToolsVersion="4.0" xmlns="http://schemas.microsoft.com/developer/msbuild/2003">
  <ItemGroup>
    <Filter Include="Source Files">
      <UniqueIdentifier>{4FC737F1-C7A5-4376-A066-2A32D752A2FF}</UniqueIdentifier>
      <Extensions>cpp;c;cc;cxx;c++;cppm;ixx;def;odl;idl;hpj;bat;asm;asmx</Extensions>
    </Filter>
    <Filter Include="Header Files">
      <UniqueIdentifier>{93995380-89BD-4b04-88EB-625FBE52EBFB}</UniqueIdentifier>
      <Extensions>h;hh;hpp;hxx;h++;hm;inl;inc;ipp;xsd</Extensions>
    </Filter>
    <Filter Include="Resource Files">
      <UniqueIdentifier>{67DA6AB6-F800-4c08-8B7A-83BB121AAD01}</UniqueIdentifier>
      <Extensions>rc;ico;cur;bmp;dlg;rc2;rct;bin;rgs;gif;jpg;jpeg;jpe;resx;tiff;tif;png;wav;mfcribbon-ms</Extensions>
    </Filter>
  </ItemGroup>
  <ItemGroup>
    <ClCompile Include="src\archivo-cliente.cpp">
      <Filter>Source Files</Filter>
    </ClCompile>
    <ClCompile Include="src\archivo-composicion-factura.cpp">
      <Filter>Source Files</Filter>
    </ClCompile>
    <ClCompile Include="src\archivo-composicion-movimientos.cpp">
      <Filter>Source Files</Filter>
    </ClCompile>
    <ClCompile Include="src\archivo-composicion-orden.cpp">
      <Filter>Source Files</Filter>
    </ClCompile>
    <ClCompile Include="src\archivo-composicion-producto.cpp">
      <Filter>Source Files</Filter>
    </ClCompile>
    <ClCompile Include="src\archivo-factura.cpp">
      <Filter>Source Files</Filter>
    </ClCompile>
    <ClCompile Include="src\archivo-movimientos.cpp">
      <Filter>Source Files</Filter>
    </ClCompile>
    <ClCompile Include="src\archivo-orden-compra.cpp">
      <Filter>Source Files</Filter>
    </ClCompile>
    <ClCompile Include="src\archivo-orden-produccion.cpp">
      <Filter>Source Files</Filter>
    </ClCompile>
    <ClCompile Include="src\archivo-orden-venta.cpp">
      <Filter>Source Files</Filter>
    </ClCompile>
    <ClCompile Include="src\archivo-proveedor.cpp">
      <Filter>Source Files</Filter>
    </ClCompile>
    <ClCompile Include="src\archivo-recurso.cpp">
      <Filter>Source Files</Filter>
    </ClCompile>
    <ClCompile Include="src\archivo-usuario.cpp">
      <Filter>Source Files</Filter>
    </ClCompile>
    <ClCompile Include="src\cliente.cpp">
      <Filter>Source Files</Filter>
    </ClCompile>
    <ClCompile Include="src\composicion-factura.cpp">
      <Filter>Source Files</Filter>
    </ClCompile>
    <ClCompile Include="src\composicion-movimientos.cpp">
      <Filter>Source Files</Filter>
    </ClCompile>
    <ClCompile Include="src\composicion-orden.cpp">
      <Filter>Source Files</Filter>
    </ClCompile>
    <ClCompile Include="src\composicion-producto.cpp">
      <Filter>Source Files</Filter>
    </ClCompile>
    <ClCompile Include="src\factura.cpp">
      <Filter>Source Files</Filter>
    </ClCompile>
    <ClCompile Include="src\fecha.cpp">
      <Filter>Source Files</Filter>
    </ClCompile>
    <ClCompile Include="src\manager.cpp">
      <Filter>Source Files</Filter>
    </ClCompile>
    <ClCompile Include="src\movimientos.cpp">
      <Filter>Source Files</Filter>
    </ClCompile>
    <ClCompile Include="src\orden.cpp">
      <Filter>Source Files</Filter>
    </ClCompile>
    <ClCompile Include="src\orden-compra.cpp">
      <Filter>Source Files</Filter>
    </ClCompile>
    <ClCompile Include="src\orden-produccion.cpp">
      <Filter>Source Files</Filter>
    </ClCompile>
    <ClCompile Include="src\orden-venta.cpp">
      <Filter>Source Files</Filter>
    </ClCompile>
    <ClCompile Include="src\persona.cpp">
      <Filter>Source Files</Filter>
    </ClCompile>
    <ClCompile Include="src\proveedor.cpp">
      <Filter>Source Files</Filter>
    </ClCompile>
    <ClCompile Include="src\recurso.cpp">
      <Filter>Source Files</Filter>
    </ClCompile>
    <ClCompile Include="src\ui-console.cpp">
      <Filter>Source Files</Filter>
    </ClCompile>
    <ClCompile Include="src\usuario.cpp">
      <Filter>Source Files</Filter>
    </ClCompile>
    <ClCompile Include="main.cpp">
      <Filter>Source Files</Filter>
    </ClCompile>
    <ClCompile Include="src\menu.cpp">
      <Filter>Source Files</Filter>
    </ClCompile>
  </ItemGroup>
  <ItemGroup>
    <ClInclude Include="include\archivo-cliente.h">
      <Filter>Header Files</Filter>
    </ClInclude>
    <ClInclude Include="include\archivo-composicion-factura.h">
      <Filter>Header Files</Filter>
    </ClInclude>
    <ClInclude Include="include\archivo-composicion-movimiento.h">
      <Filter>Header Files</Filter>
    </ClInclude>
    <ClInclude Include="include\archivo-composicion-orden.h">
      <Filter>Header Files</Filter>
    </ClInclude>
    <ClInclude Include="include\archivo-composicion-producto.h">
      <Filter>Header Files</Filter>
    </ClInclude>
    <ClInclude Include="include\archivo-factura.h">
      <Filter>Header Files</Filter>
    </ClInclude>
    <ClInclude Include="include\archivo-movimientos.h">
      <Filter>Header Files</Filter>
    </ClInclude>
    <ClInclude Include="include\archivo-orden-compra.h">
      <Filter>Header Files</Filter>
    </ClInclude>
    <ClInclude Include="include\archivo-orden-produccion.h">
      <Filter>Header Files</Filter>
    </ClInclude>
    <ClInclude Include="include\archivo-orden-venta.h">
      <Filter>Header Files</Filter>
    </ClInclude>
    <ClInclude Include="include\archivo-proveedor.h">
      <Filter>Header Files</Filter>
    </ClInclude>
    <ClInclude Include="include\archivo-recursos.h">
      <Filter>Header Files</Filter>
    </ClInclude>
    <ClInclude Include="include\archivo-usuario.h">
      <Filter>Header Files</Filter>
    </ClInclude>
    <ClInclude Include="include\cliente.h">
      <Filter>Header Files</Filter>
    </ClInclude>
    <ClInclude Include="include\composicion-factura.h">
      <Filter>Header Files</Filter>
    </ClInclude>
    <ClInclude Include="include\composicion-movimientos.h">
      <Filter>Header Files</Filter>
    </ClInclude>
    <ClInclude Include="include\composicion-orden.h">
      <Filter>Header Files</Filter>
    </ClInclude>
    <ClInclude Include="include\composicion-producto.h">
      <Filter>Header Files</Filter>
    </ClInclude>
    <ClInclude Include="include\factura.h">
      <Filter>Header Files</Filter>
    </ClInclude>
    <ClInclude Include="include\fecha.h">
      <Filter>Header Files</Filter>
    </ClInclude>
    <ClInclude Include="include\manager.h">
      <Filter>Header Files</Filter>
    </ClInclude>
    <ClInclude Include="include\movimientos.h">
      <Filter>Header Files</Filter>
    </ClInclude>
    <ClInclude Include="include\orden.h">
      <Filter>Header Files</Filter>
    </ClInclude>
    <ClInclude Include="include\orden-compra.h">
      <Filter>Header Files</Filter>
    </ClInclude>
    <ClInclude Include="include\orden-produccion.h">
      <Filter>Header Files</Filter>
    </ClInclude>
    <ClInclude Include="include\orden-venta.h">
      <Filter>Header Files</Filter>
    </ClInclude>
    <ClInclude Include="include\persona.h">
      <Filter>Header Files</Filter>
    </ClInclude>
    <ClInclude Include="include\proveedor.h">
      <Filter>Header Files</Filter>
    </ClInclude>
    <ClInclude Include="include\recursos.h">
      <Filter>Header Files</Filter>
    </ClInclude>
    <ClInclude Include="include\ui-console.h">
      <Filter>Header Files</Filter>
    </ClInclude>
    <ClInclude Include="include\usuario.h">
      <Filter>Header Files</Filter>
    </ClInclude>
    <ClInclude Include="include\menu.h">
      <Filter>Header Files</Filter>
    </ClInclude>
  </ItemGroup>
</Project>