<?xml version="1.0" encoding="UTF-8" standalone="yes" ?>
<CodeBlocks_project_file>
	<FileVersion major="1" minor="6" />
	<Project>
		<Option title="TP_Programacion2" />
		<Option pch_mode="2" />
		<Option compiler="gcc" />
		<Build>
			<Target title="Debug">
				<Option output="bin/Debug/TP_Programacion2" prefix_auto="1" extension_auto="1" />
				<Option object_output="obj/Debug/" />
				<Option type="1" />
				<Option compiler="gcc" />
				<Compiler>
					<Add option="-g" />
					<Add directory="include" />
				</Compiler>
			</Target>
			<Target title="Release">
				<Option output="bin/Release/TP_Programacion2" prefix_auto="1" extension_auto="1" />
				<Option object_output="obj/Release/" />
				<Option type="1" />
				<Option compiler="gcc" />
				<Compiler>
					<Add option="-O2" />
					<Add directory="include" />
				</Compiler>
				<Linker>
					<Add option="-s" />
				</Linker>
			</Target>
		</Build>
		<Compiler>
			<Add option="-Wall" />
			<Add option="-fexceptions" />
		</Compiler>
		<Unit filename="include/archivo-cliente.h" />
		<Unit filename="include/archivo-composicion-factura.h" />
		<Unit filename="include/archivo-composicion-movimiento.h" />
		<Unit filename="include/archivo-composicion-orden.h" />
		<Unit filename="include/archivo-composicion-producto.h" />
		<Unit filename="include/archivo-factura.h" />
		<Unit filename="include/archivo-movimientos.h" />
		<Unit filename="include/archivo-orden-compra.h" />
		<Unit filename="include/archivo-orden-produccion.h" />
		<Unit filename="include/archivo-orden-venta.h" />
		<Unit filename="include/archivo-proveedor.h" />
		<Unit filename="include/archivo-recursos.h" />
		<Unit filename="include/archivo-usuario.h" />
		<Unit filename="include/cliente.h" />
		<Unit filename="include/composicion-factura.h" />
		<Unit filename="include/composicion-producto.h" />
		<Unit filename="include/factura.h" />
		<Unit filename="include/fecha.h" />
		<Unit filename="include/manager.h" />
		<Unit filename="include/movimientos.h" />
		<Unit filename="include/orden-compra.h" />
		<Unit filename="include/orden-produccion.h" />
		<Unit filename="include/orden-venta.h" />
		<Unit filename="include/orden.h" />
		<Unit filename="include/persona.h" />
		<Unit filename="include/proveedor.h" />
		<Unit filename="include/recurso.h" />
		<Unit filename="include/ui-console.h" />
		<Unit filename="include/usuario.h" />
		<Unit filename="main.cpp" />
		<Unit filename="src/archivo-cliente.cpp" />
		<Unit filename="src/archivo-composicion-factura.cpp" />
		<Unit filename="src/archivo-composicion-movimientos.cpp" />
		<Unit filename="src/archivo-composicion-orden.cpp" />
		<Unit filename="src/archivo-composicion-producto.cpp" />
		<Unit filename="src/archivo-factura.cpp" />
		<Unit filename="src/archivo-movimientos.cpp" />
		<Unit filename="src/archivo-orden-compra.cpp" />
		<Unit filename="src/archivo-orden-produccion.cpp" />
		<Unit filename="src/archivo-orden-venta.cpp" />
		<Unit filename="src/archivo-proveedor.cpp" />
		<Unit filename="src/archivo-recurso.cpp" />
		<Unit filename="src/archivo-usuario.cpp" />
		<Unit filename="src/cliente.cpp" />
		<Unit filename="src/composicion-factura.cpp" />
		<Unit filename="src/composicion-movimientos.cpp" />
		<Unit filename="src/composicion-orden.cpp" />
		<Unit filename="src/composicion-producto.cpp" />
		<Unit filename="src/factura.cpp" />
		<Unit filename="src/fecha.cpp" />
		<Unit filename="src/manager.cpp" />
		<Unit filename="src/movimientos.cpp" />
		<Unit filename="src/orden-compra.cpp" />
		<Unit filename="src/orden-produccion.cpp" />
		<Unit filename="src/orden-venta.cpp" />
		<Unit filename="src/orden.cpp" />
		<Unit filename="src/persona.cpp" />
		<Unit filename="src/proveedor.cpp" />
		<Unit filename="src/recurso.cpp" />
		<Unit filename="src/ui-console.cpp" />
		<Unit filename="src/usuario.cpp" />
		<Extensions>
			<lib_finder disable_auto="1" />
		</Extensions>
	</Project>
</CodeBlocks_project_file>
